// !$*UTF8*$!
{
	archiveVersion = 1;
	classes = {
	};
	objectVersion = 46;
	objects = {

/* Begin PBXBuildFile section */
		073129F518DCA2270021AD1D /* Foundation.framework in Frameworks */ = {isa = PBXBuildFile; fileRef = 073129F418DCA2270021AD1D /* Foundation.framework */; };
		073129F718DCA2270021AD1D /* CoreGraphics.framework in Frameworks */ = {isa = PBXBuildFile; fileRef = 073129F618DCA2270021AD1D /* CoreGraphics.framework */; };
		073129F918DCA2270021AD1D /* UIKit.framework in Frameworks */ = {isa = PBXBuildFile; fileRef = 073129F818DCA2270021AD1D /* UIKit.framework */; };
		073129FF18DCA2270021AD1D /* InfoPlist.strings in Resources */ = {isa = PBXBuildFile; fileRef = 073129FD18DCA2270021AD1D /* InfoPlist.strings */; };
		07312A0118DCA2270021AD1D /* main.m in Sources */ = {isa = PBXBuildFile; fileRef = 07312A0018DCA2270021AD1D /* main.m */; };
		07312A0518DCA2270021AD1D /* PDAppDelegate.m in Sources */ = {isa = PBXBuildFile; fileRef = 07312A0418DCA2270021AD1D /* PDAppDelegate.m */; };
		07312A0818DCA2270021AD1D /* Main.storyboard in Resources */ = {isa = PBXBuildFile; fileRef = 07312A0618DCA2270021AD1D /* Main.storyboard */; };
		07312A0B18DCA2270021AD1D /* PDFirstViewController.m in Sources */ = {isa = PBXBuildFile; fileRef = 07312A0A18DCA2270021AD1D /* PDFirstViewController.m */; };
		07312A0E18DCA2270021AD1D /* PDTimeClock.m in Sources */ = {isa = PBXBuildFile; fileRef = 07312A0D18DCA2270021AD1D /* PDTimeClock.m */; };
		07312A1018DCA2270021AD1D /* Images.xcassets in Resources */ = {isa = PBXBuildFile; fileRef = 07312A0F18DCA2270021AD1D /* Images.xcassets */; };
		07312A1718DCA2270021AD1D /* XCTest.framework in Frameworks */ = {isa = PBXBuildFile; fileRef = 07312A1618DCA2270021AD1D /* XCTest.framework */; };
		07312A1818DCA2270021AD1D /* Foundation.framework in Frameworks */ = {isa = PBXBuildFile; fileRef = 073129F418DCA2270021AD1D /* Foundation.framework */; };
		07312A1918DCA2270021AD1D /* UIKit.framework in Frameworks */ = {isa = PBXBuildFile; fileRef = 073129F818DCA2270021AD1D /* UIKit.framework */; };
		07312A2118DCA2270021AD1D /* InfoPlist.strings in Resources */ = {isa = PBXBuildFile; fileRef = 07312A1F18DCA2270021AD1D /* InfoPlist.strings */; };
		07312A2318DCA2270021AD1D /* PDTimeTrackerTests.m in Sources */ = {isa = PBXBuildFile; fileRef = 07312A2218DCA2270021AD1D /* PDTimeTrackerTests.m */; };
/* End PBXBuildFile section */

/* Begin PBXContainerItemProxy section */
		07312A1A18DCA2270021AD1D /* PBXContainerItemProxy */ = {
			isa = PBXContainerItemProxy;
			containerPortal = 073129E918DCA2270021AD1D /* Project object */;
			proxyType = 1;
			remoteGlobalIDString = 073129F018DCA2270021AD1D;
			remoteInfo = PDTimeTracker;
		};
/* End PBXContainerItemProxy section */

/* Begin PBXFileReference section */
		073129F118DCA2270021AD1D /* PDTimeTracker.app */ = {isa = PBXFileReference; explicitFileType = wrapper.application; includeInIndex = 0; path = PDTimeTracker.app; sourceTree = BUILT_PRODUCTS_DIR; };
		073129F418DCA2270021AD1D /* Foundation.framework */ = {isa = PBXFileReference; lastKnownFileType = wrapper.framework; name = Foundation.framework; path = System/Library/Frameworks/Foundation.framework; sourceTree = SDKROOT; };
		073129F618DCA2270021AD1D /* CoreGraphics.framework */ = {isa = PBXFileReference; lastKnownFileType = wrapper.framework; name = CoreGraphics.framework; path = System/Library/Frameworks/CoreGraphics.framework; sourceTree = SDKROOT; };
		073129F818DCA2270021AD1D /* UIKit.framework */ = {isa = PBXFileReference; lastKnownFileType = wrapper.framework; name = UIKit.framework; path = System/Library/Frameworks/UIKit.framework; sourceTree = SDKROOT; };
		073129FC18DCA2270021AD1D /* PDTimeTracker-Info.plist */ = {isa = PBXFileReference; lastKnownFileType = text.plist.xml; path = "PDTimeTracker-Info.plist"; sourceTree = "<group>"; };
		073129FE18DCA2270021AD1D /* en */ = {isa = PBXFileReference; lastKnownFileType = text.plist.strings; name = en; path = en.lproj/InfoPlist.strings; sourceTree = "<group>"; };
		07312A0018DCA2270021AD1D /* main.m */ = {isa = PBXFileReference; lastKnownFileType = sourcecode.c.objc; path = main.m; sourceTree = "<group>"; };
		07312A0218DCA2270021AD1D /* PDTimeTracker-Prefix.pch */ = {isa = PBXFileReference; lastKnownFileType = sourcecode.c.h; path = "PDTimeTracker-Prefix.pch"; sourceTree = "<group>"; };
		07312A0318DCA2270021AD1D /* PDAppDelegate.h */ = {isa = PBXFileReference; lastKnownFileType = sourcecode.c.h; path = PDAppDelegate.h; sourceTree = "<group>"; };
		07312A0418DCA2270021AD1D /* PDAppDelegate.m */ = {isa = PBXFileReference; lastKnownFileType = sourcecode.c.objc; path = PDAppDelegate.m; sourceTree = "<group>"; };
		07312A0718DCA2270021AD1D /* Base */ = {isa = PBXFileReference; lastKnownFileType = file.storyboard; name = Base; path = Base.lproj/Main.storyboard; sourceTree = "<group>"; };
		07312A0918DCA2270021AD1D /* PDFirstViewController.h */ = {isa = PBXFileReference; lastKnownFileType = sourcecode.c.h; path = PDFirstViewController.h; sourceTree = "<group>"; };
		07312A0A18DCA2270021AD1D /* PDFirstViewController.m */ = {isa = PBXFileReference; lastKnownFileType = sourcecode.c.objc; path = PDFirstViewController.m; sourceTree = "<group>"; };
		07312A0C18DCA2270021AD1D /* PDTimeClock.h */ = {isa = PBXFileReference; lastKnownFileType = sourcecode.c.h; path = PDTimeClock.h; sourceTree = "<group>"; };
		07312A0D18DCA2270021AD1D /* PDTimeClock.m */ = {isa = PBXFileReference; lastKnownFileType = sourcecode.c.objc; path = PDTimeClock.m; sourceTree = "<group>"; };
		07312A0F18DCA2270021AD1D /* Images.xcassets */ = {isa = PBXFileReference; lastKnownFileType = folder.assetcatalog; path = Images.xcassets; sourceTree = "<group>"; };
		07312A1518DCA2270021AD1D /* PDTimeTrackerTests.xctest */ = {isa = PBXFileReference; explicitFileType = wrapper.cfbundle; includeInIndex = 0; path = PDTimeTrackerTests.xctest; sourceTree = BUILT_PRODUCTS_DIR; };
		07312A1618DCA2270021AD1D /* XCTest.framework */ = {isa = PBXFileReference; lastKnownFileType = wrapper.framework; name = XCTest.framework; path = Library/Frameworks/XCTest.framework; sourceTree = DEVELOPER_DIR; };
		07312A1E18DCA2270021AD1D /* PDTimeTrackerTests-Info.plist */ = {isa = PBXFileReference; lastKnownFileType = text.plist.xml; path = "PDTimeTrackerTests-Info.plist"; sourceTree = "<group>"; };
		07312A2018DCA2270021AD1D /* en */ = {isa = PBXFileReference; lastKnownFileType = text.plist.strings; name = en; path = en.lproj/InfoPlist.strings; sourceTree = "<group>"; };
		07312A2218DCA2270021AD1D /* PDTimeTrackerTests.m */ = {isa = PBXFileReference; lastKnownFileType = sourcecode.c.objc; path = PDTimeTrackerTests.m; sourceTree = "<group>"; };
		07312A2C18DCA34C0021AD1D /* PaperDot_Utility.h */ = {isa = PBXFileReference; fileEncoding = 4; lastKnownFileType = sourcecode.c.h; path = PaperDot_Utility.h; sourceTree = "<group>"; };
/* End PBXFileReference section */

/* Begin PBXFrameworksBuildPhase section */
		073129EE18DCA2270021AD1D /* Frameworks */ = {
			isa = PBXFrameworksBuildPhase;
			buildActionMask = 2147483647;
			files = (
				073129F718DCA2270021AD1D /* CoreGraphics.framework in Frameworks */,
				073129F918DCA2270021AD1D /* UIKit.framework in Frameworks */,
				073129F518DCA2270021AD1D /* Foundation.framework in Frameworks */,
			);
			runOnlyForDeploymentPostprocessing = 0;
		};
		07312A1218DCA2270021AD1D /* Frameworks */ = {
			isa = PBXFrameworksBuildPhase;
			buildActionMask = 2147483647;
			files = (
				07312A1718DCA2270021AD1D /* XCTest.framework in Frameworks */,
				07312A1918DCA2270021AD1D /* UIKit.framework in Frameworks */,
				07312A1818DCA2270021AD1D /* Foundation.framework in Frameworks */,
			);
			runOnlyForDeploymentPostprocessing = 0;
		};
/* End PBXFrameworksBuildPhase section */

/* Begin PBXGroup section */
		073129E818DCA2270021AD1D = {
			isa = PBXGroup;
			children = (
				073129FA18DCA2270021AD1D /* PDTimeTracker */,
				07312A1C18DCA2270021AD1D /* PDTimeTrackerTests */,
				073129F318DCA2270021AD1D /* Frameworks */,
				073129F218DCA2270021AD1D /* Products */,
			);
			sourceTree = "<group>";
		};
		073129F218DCA2270021AD1D /* Products */ = {
			isa = PBXGroup;
			children = (
				073129F118DCA2270021AD1D /* PDTimeTracker.app */,
				07312A1518DCA2270021AD1D /* PDTimeTrackerTests.xctest */,
			);
			name = Products;
			sourceTree = "<group>";
		};
		073129F318DCA2270021AD1D /* Frameworks */ = {
			isa = PBXGroup;
			children = (
				073129F418DCA2270021AD1D /* Foundation.framework */,
				073129F618DCA2270021AD1D /* CoreGraphics.framework */,
				073129F818DCA2270021AD1D /* UIKit.framework */,
				07312A1618DCA2270021AD1D /* XCTest.framework */,
			);
			name = Frameworks;
			sourceTree = "<group>";
		};
		073129FA18DCA2270021AD1D /* PDTimeTracker */ = {
			isa = PBXGroup;
			children = (
				07312A2C18DCA34C0021AD1D /* PaperDot_Utility.h */,
				07312A0318DCA2270021AD1D /* PDAppDelegate.h */,
				07312A0418DCA2270021AD1D /* PDAppDelegate.m */,
				07312A0618DCA2270021AD1D /* Main.storyboard */,
				07312A0918DCA2270021AD1D /* PDFirstViewController.h */,
				07312A0A18DCA2270021AD1D /* PDFirstViewController.m */,
				07312A0C18DCA2270021AD1D /* PDTimeClock.h */,
				07312A0D18DCA2270021AD1D /* PDTimeClock.m */,
				07312A0F18DCA2270021AD1D /* Images.xcassets */,
				073129FB18DCA2270021AD1D /* Supporting Files */,
			);
			path = PDTimeTracker;
			sourceTree = "<group>";
		};
		073129FB18DCA2270021AD1D /* Supporting Files */ = {
			isa = PBXGroup;
			children = (
				073129FC18DCA2270021AD1D /* PDTimeTracker-Info.plist */,
				073129FD18DCA2270021AD1D /* InfoPlist.strings */,
				07312A0018DCA2270021AD1D /* main.m */,
				07312A0218DCA2270021AD1D /* PDTimeTracker-Prefix.pch */,
			);
			name = "Supporting Files";
			sourceTree = "<group>";
		};
		07312A1C18DCA2270021AD1D /* PDTimeTrackerTests */ = {
			isa = PBXGroup;
			children = (
				07312A2218DCA2270021AD1D /* PDTimeTrackerTests.m */,
				07312A1D18DCA2270021AD1D /* Supporting Files */,
			);
			path = PDTimeTrackerTests;
			sourceTree = "<group>";
		};
		07312A1D18DCA2270021AD1D /* Supporting Files */ = {
			isa = PBXGroup;
			children = (
				07312A1E18DCA2270021AD1D /* PDTimeTrackerTests-Info.plist */,
				07312A1F18DCA2270021AD1D /* InfoPlist.strings */,
			);
			name = "Supporting Files";
			sourceTree = "<group>";
		};
/* End PBXGroup section */

/* Begin PBXNativeTarget section */
		073129F018DCA2270021AD1D /* PDTimeTracker */ = {
			isa = PBXNativeTarget;
			buildConfigurationList = 07312A2618DCA2270021AD1D /* Build configuration list for PBXNativeTarget "PDTimeTracker" */;
			buildPhases = (
				073129ED18DCA2270021AD1D /* Sources */,
				073129EE18DCA2270021AD1D /* Frameworks */,
				073129EF18DCA2270021AD1D /* Resources */,
			);
			buildRules = (
			);
			dependencies = (
			);
			name = PDTimeTracker;
			productName = PDTimeTracker;
			productReference = 073129F118DCA2270021AD1D /* PDTimeTracker.app */;
			productType = "com.apple.product-type.application";
		};
		07312A1418DCA2270021AD1D /* PDTimeTrackerTests */ = {
			isa = PBXNativeTarget;
			buildConfigurationList = 07312A2918DCA2270021AD1D /* Build configuration list for PBXNativeTarget "PDTimeTrackerTests" */;
			buildPhases = (
				07312A1118DCA2270021AD1D /* Sources */,
				07312A1218DCA2270021AD1D /* Frameworks */,
				07312A1318DCA2270021AD1D /* Resources */,
			);
			buildRules = (
			);
			dependencies = (
				07312A1B18DCA2270021AD1D /* PBXTargetDependency */,
			);
			name = PDTimeTrackerTests;
			productName = PDTimeTrackerTests;
			productReference = 07312A1518DCA2270021AD1D /* PDTimeTrackerTests.xctest */;
			productType = "com.apple.product-type.bundle.unit-test";
		};
/* End PBXNativeTarget section */

/* Begin PBXProject section */
		073129E918DCA2270021AD1D /* Project object */ = {
			isa = PBXProject;
			attributes = {
				CLASSPREFIX = PD;
				LastUpgradeCheck = 0510;
				ORGANIZATIONNAME = "PaperDot Design LLC";
				TargetAttributes = {
					07312A1418DCA2270021AD1D = {
						TestTargetID = 073129F018DCA2270021AD1D;
					};
				};
			};
			buildConfigurationList = 073129EC18DCA2270021AD1D /* Build configuration list for PBXProject "PDTimeTracker" */;
			compatibilityVersion = "Xcode 3.2";
			developmentRegion = English;
			hasScannedForEncodings = 0;
			knownRegions = (
				en,
				Base,
			);
			mainGroup = 073129E818DCA2270021AD1D;
			productRefGroup = 073129F218DCA2270021AD1D /* Products */;
			projectDirPath = "";
			projectRoot = "";
			targets = (
				073129F018DCA2270021AD1D /* PDTimeTracker */,
				07312A1418DCA2270021AD1D /* PDTimeTrackerTests */,
			);
		};
/* End PBXProject section */

/* Begin PBXResourcesBuildPhase section */
		073129EF18DCA2270021AD1D /* Resources */ = {
			isa = PBXResourcesBuildPhase;
			buildActionMask = 2147483647;
			files = (
				07312A1018DCA2270021AD1D /* Images.xcassets in Resources */,
				073129FF18DCA2270021AD1D /* InfoPlist.strings in Resources */,
				07312A0818DCA2270021AD1D /* Main.storyboard in Resources */,
			);
			runOnlyForDeploymentPostprocessing = 0;
		};
		07312A1318DCA2270021AD1D /* Resources */ = {
			isa = PBXResourcesBuildPhase;
			buildActionMask = 2147483647;
			files = (
				07312A2118DCA2270021AD1D /* InfoPlist.strings in Resources */,
			);
			runOnlyForDeploymentPostprocessing = 0;
		};
/* End PBXResourcesBuildPhase section */

/* Begin PBXSourcesBuildPhase section */
		073129ED18DCA2270021AD1D /* Sources */ = {
			isa = PBXSourcesBuildPhase;
			buildActionMask = 2147483647;
			files = (
				07312A0518DCA2270021AD1D /* PDAppDelegate.m in Sources */,
				07312A0118DCA2270021AD1D /* main.m in Sources */,
				07312A0E18DCA2270021AD1D /* PDTimeClock.m in Sources */,
				07312A0B18DCA2270021AD1D /* PDFirstViewController.m in Sources */,
			);
			runOnlyForDeploymentPostprocessing = 0;
		};
		07312A1118DCA2270021AD1D /* Sources */ = {
			isa = PBXSourcesBuildPhase;
			buildActionMask = 2147483647;
			files = (
				07312A2318DCA2270021AD1D /* PDTimeTrackerTests.m in Sources */,
			);
			runOnlyForDeploymentPostprocessing = 0;
		};
/* End PBXSourcesBuildPhase section */

/* Begin PBXTargetDependency section */
		07312A1B18DCA2270021AD1D /* PBXTargetDependency */ = {
			isa = PBXTargetDependency;
			target = 073129F018DCA2270021AD1D /* PDTimeTracker */;
			targetProxy = 07312A1A18DCA2270021AD1D /* PBXContainerItemProxy */;
		};
/* End PBXTargetDependency section */

/* Begin PBXVariantGroup section */
		073129FD18DCA2270021AD1D /* InfoPlist.strings */ = {
			isa = PBXVariantGroup;
			children = (
				073129FE18DCA2270021AD1D /* en */,
			);
			name = InfoPlist.strings;
			sourceTree = "<group>";
		};
		07312A0618DCA2270021AD1D /* Main.storyboard */ = {
			isa = PBXVariantGroup;
			children = (
				07312A0718DCA2270021AD1D /* Base */,
			);
			name = Main.storyboard;
			sourceTree = "<group>";
		};
		07312A1F18DCA2270021AD1D /* InfoPlist.strings */ = {
			isa = PBXVariantGroup;
			children = (
				07312A2018DCA2270021AD1D /* en */,
			);
			name = InfoPlist.strings;
			sourceTree = "<group>";
		};
/* End PBXVariantGroup section */

/* Begin XCBuildConfiguration section */
		07312A2418DCA2270021AD1D /* Debug */ = {
			isa = XCBuildConfiguration;
			buildSettings = {
				ALWAYS_SEARCH_USER_PATHS = NO;
				CLANG_CXX_LANGUAGE_STANDARD = "gnu++0x";
				CLANG_CXX_LIBRARY = "libc++";
				CLANG_ENABLE_MODULES = YES;
				CLANG_ENABLE_OBJC_ARC = YES;
				CLANG_WARN_BOOL_CONVERSION = YES;
				CLANG_WARN_CONSTANT_CONVERSION = YES;
				CLANG_WARN_DIRECT_OBJC_ISA_USAGE = YES_ERROR;
				CLANG_WARN_EMPTY_BODY = YES;
				CLANG_WARN_ENUM_CONVERSION = YES;
				CLANG_WARN_INT_CONVERSION = YES;
				CLANG_WARN_OBJC_ROOT_CLASS = YES_ERROR;
				CLANG_WARN__DUPLICATE_METHOD_MATCH = YES;
				"CODE_SIGN_IDENTITY[sdk=iphoneos*]" = "iPhone Developer";
				COPY_PHASE_STRIP = NO;
				GCC_C_LANGUAGE_STANDARD = gnu99;
				GCC_DYNAMIC_NO_PIC = NO;
				GCC_OPTIMIZATION_LEVEL = 0;
				GCC_PREPROCESSOR_DEFINITIONS = (
					"DEBUG=1",
					"$(inherited)",
				);
				GCC_SYMBOLS_PRIVATE_EXTERN = NO;
				GCC_WARN_64_TO_32_BIT_CONVERSION = YES;
				GCC_WARN_ABOUT_RETURN_TYPE = YES_ERROR;
				GCC_WARN_UNDECLARED_SELECTOR = YES;
				GCC_WARN_UNINITIALIZED_AUTOS = YES_AGGRESSIVE;
				GCC_WARN_UNUSED_FUNCTION = YES;
				GCC_WARN_UNUSED_VARIABLE = YES;
				IPHONEOS_DEPLOYMENT_TARGET = 7.1;
				ONLY_ACTIVE_ARCH = YES;
				SDKROOT = iphoneos;
			};
			name = Debug;
		};
		07312A2518DCA2270021AD1D /* Release */ = {
			isa = XCBuildConfiguration;
			buildSettings = {
				ALWAYS_SEARCH_USER_PATHS = NO;
				CLANG_CXX_LANGUAGE_STANDARD = "gnu++0x";
				CLANG_CXX_LIBRARY = "libc++";
				CLANG_ENABLE_MODULES = YES;
				CLANG_ENABLE_OBJC_ARC = YES;
				CLANG_WARN_BOOL_CONVERSION = YES;
				CLANG_WARN_CONSTANT_CONVERSION = YES;
				CLANG_WARN_DIRECT_OBJC_ISA_USAGE = YES_ERROR;
				CLANG_WARN_EMPTY_BODY = YES;
				CLANG_WARN_ENUM_CONVERSION = YES;
				CLANG_WARN_INT_CONVERSION = YES;
				CLANG_WARN_OBJC_ROOT_CLASS = YES_ERROR;
				CLANG_WARN__DUPLICATE_METHOD_MATCH = YES;
				"CODE_SIGN_IDENTITY[sdk=iphoneos*]" = "iPhone Developer";
				COPY_PHASE_STRIP = YES;
				ENABLE_NS_ASSERTIONS = NO;
				GCC_C_LANGUAGE_STANDARD = gnu99;
				GCC_WARN_64_TO_32_BIT_CONVERSION = YES;
				GCC_WARN_ABOUT_RETURN_TYPE = YES_ERROR;
				GCC_WARN_UNDECLARED_SELECTOR = YES;
				GCC_WARN_UNINITIALIZED_AUTOS = YES_AGGRESSIVE;
				GCC_WARN_UNUSED_FUNCTION = YES;
				GCC_WARN_UNUSED_VARIABLE = YES;
				IPHONEOS_DEPLOYMENT_TARGET = 7.1;
				SDKROOT = iphoneos;
				VALIDATE_PRODUCT = YES;
			};
			name = Release;
		};
		07312A2718DCA2270021AD1D /* Debug */ = {
			isa = XCBuildConfiguration;
			buildSettings = {
				ASSETCATALOG_COMPILER_APPICON_NAME = AppIcon;
				ASSETCATALOG_COMPILER_LAUNCHIMAGE_NAME = LaunchImage;
				GCC_PRECOMPILE_PREFIX_HEADER = YES;
				GCC_PREFIX_HEADER = "PDTimeTracker/PDTimeTracker-Prefix.pch";
				INFOPLIST_FILE = "PDTimeTracker/PDTimeTracker-Info.plist";
				IPHONEOS_DEPLOYMENT_TARGET = 7.0;
				PRODUCT_NAME = "$(TARGET_NAME)";
				WRAPPER_EXTENSION = app;
			};
			name = Debug;
		};
		07312A2818DCA2270021AD1D /* Release */ = {
			isa = XCBuildConfiguration;
			buildSettings = {
				ASSETCATALOG_COMPILER_APPICON_NAME = AppIcon;
				ASSETCATALOG_COMPILER_LAUNCHIMAGE_NAME = LaunchImage;
				GCC_PRECOMPILE_PREFIX_HEADER = YES;
				GCC_PREFIX_HEADER = "PDTimeTracker/PDTimeTracker-Prefix.pch";
				INFOPLIST_FILE = "PDTimeTracker/PDTimeTracker-Info.plist";
				IPHONEOS_DEPLOYMENT_TARGET = 7.0;
				PRODUCT_NAME = "$(TARGET_NAME)";
				WRAPPER_EXTENSION = app;
			};
			name = Release;
		};
		07312A2A18DCA2270021AD1D /* Debug */ = {
			isa = XCBuildConfiguration;
			buildSettings = {
				BUNDLE_LOADER = "$(BUILT_PRODUCTS_DIR)/PDTimeTracker.app/PDTimeTracker";
				FRAMEWORK_SEARCH_PATHS = (
					"$(SDKROOT)/Developer/Library/Frameworks",
					"$(inherited)",
					"$(DEVELOPER_FRAMEWORKS_DIR)",
				);
				GCC_PRECOMPILE_PREFIX_HEADER = YES;
				GCC_PREFIX_HEADER = "PDTimeTracker/PDTimeTracker-Prefix.pch";
				GCC_PREPROCESSOR_DEFINITIONS = (
					"DEBUG=1",
					"$(inherited)",
				);
				INFOPLIST_FILE = "PDTimeTrackerTests/PDTimeTrackerTests-Info.plist";
				PRODUCT_NAME = "$(TARGET_NAME)";
				TEST_HOST = "$(BUNDLE_LOADER)";
				WRAPPER_EXTENSION = xctest;
			};
			name = Debug;
		};
		07312A2B18DCA2270021AD1D /* Release */ = {
			isa = XCBuildConfiguration;
			buildSettings = {
				BUNDLE_LOADER = "$(BUILT_PRODUCTS_DIR)/PDTimeTracker.app/PDTimeTracker";
				FRAMEWORK_SEARCH_PATHS = (
					"$(SDKROOT)/Developer/Library/Frameworks",
					"$(inherited)",
					"$(DEVELOPER_FRAMEWORKS_DIR)",
				);
				GCC_PRECOMPILE_PREFIX_HEADER = YES;
				GCC_PREFIX_HEADER = "PDTimeTracker/PDTimeTracker-Prefix.pch";
				INFOPLIST_FILE = "PDTimeTrackerTests/PDTimeTrackerTests-Info.plist";
				PRODUCT_NAME = "$(TARGET_NAME)";
				TEST_HOST = "$(BUNDLE_LOADER)";
				WRAPPER_EXTENSION = xctest;
			};
			name = Release;
		};
/* End XCBuildConfiguration section */

/* Begin XCConfigurationList section */
		073129EC18DCA2270021AD1D /* Build configuration list for PBXProject "PDTimeTracker" */ = {
			isa = XCConfigurationList;
			buildConfigurations = (
				07312A2418DCA2270021AD1D /* Debug */,
				07312A2518DCA2270021AD1D /* Release */,
			);
			defaultConfigurationIsVisible = 0;
			defaultConfigurationName = Release;
		};
		07312A2618DCA2270021AD1D /* Build configuration list for PBXNativeTarget "PDTimeTracker" */ = {
			isa = XCConfigurationList;
			buildConfigurations = (
				07312A2718DCA2270021AD1D /* Debug */,
				07312A2818DCA2270021AD1D /* Release */,
			);
			defaultConfigurationIsVisible = 0;
			defaultConfigurationName = Release;
		};
		07312A2918DCA2270021AD1D /* Build configuration list for PBXNativeTarget "PDTimeTrackerTests" */ = {
			isa = XCConfigurationList;
			buildConfigurations = (
				07312A2A18DCA2270021AD1D /* Debug */,
				07312A2B18DCA2270021AD1D /* Release */,
			);
			defaultConfigurationIsVisible = 0;
			defaultConfigurationName = Release;
		};
/* End XCConfigurationList section */
	};
	rootObject = 073129E918DCA2270021AD1D /* Project object */;
}
